
Microsoft Visual Studio Solution File, Format Version 12.00
# Visual Studio Version 16
VisualStudioVersion = 16.0.30204.135
MinimumVisualStudioVersion = 10.0.40219.1
Project("{9A19103F-16F7-4668-BE54-9A1E7A4F7556}") = "System.Services", "System.Services\System.Services.csproj", "{430056DC-29E7-4341-845A-C0502C323515}"
EndProject
Project("{9A19103F-16F7-4668-BE54-9A1E7A4F7556}") = "System.Web.UI", "System.Web.UI\System.Web.UI.csproj", "{B7135F35-5DC3-46B2-848A-BB6051DB8A19}"
EndProject
Project("{9A19103F-16F7-4668-BE54-9A1E7A4F7556}") = "System.DataAccessLayer", "System.DataAccessLayer\System.DataAccessLayer.csproj", "{6041E95C-94CE-4ED5-A8B3-417A360B4770}"
EndProject
Project("{9A19103F-16F7-4668-BE54-9A1E7A4F7556}") = "System.ScheduledJobs", "System.ScheduledJobs\System.ScheduledJobs.csproj", "{F7A63B66-C0F2-4717-AC0C-B93A4C9C5C62}"
EndProject
Project("{9A19103F-16F7-4668-BE54-9A1E7A4F7556}") = "System.Common", "System.Common\System.Common.csproj", "{EBC19245-2F3D-40A1-814D-73BBD727DE13}"
EndProject
Project("{9A19103F-16F7-4668-BE54-9A1E7A4F7556}") = "System.Web.API", "System.Web.API\System.Web.API.csproj", "{69B84527-50ED-41B3-8C1D-2CE70F6754BB}"
EndProject
Project("{9A19103F-16F7-4668-BE54-9A1E7A4F7556}") = "System.Web.Panel", "system.Web.Panel\System.Web.Panel.csproj", "{2E0932FF-200E-425E-B4BF-4B25D8263BA7}"
EndProject
Global
	GlobalSection(SolutionConfigurationPlatforms) = preSolution
		Debug|Any CPU = Debug|Any CPU
		Release|Any CPU = Release|Any CPU
	EndGlobalSection
	GlobalSection(ProjectConfigurationPlatforms) = postSolution
		{430056DC-29E7-4341-845A-C0502C323515}.Debug|Any CPU.ActiveCfg = Debug|Any CPU
		{430056DC-29E7-4341-845A-C0502C323515}.Debug|Any CPU.Build.0 = Debug|Any CPU
		{430056DC-29E7-4341-845A-C0502C323515}.Release|Any CPU.ActiveCfg = Release|Any CPU
		{430056DC-29E7-4341-845A-C0502C323515}.Release|Any CPU.Build.0 = Release|Any CPU
		{B7135F35-5DC3-46B2-848A-BB6051DB8A19}.Debug|Any CPU.ActiveCfg = Debug|Any CPU
		{B7135F35-5DC3-46B2-848A-BB6051DB8A19}.Debug|Any CPU.Build.0 = Debug|Any CPU
		{B7135F35-5DC3-46B2-848A-BB6051DB8A19}.Release|Any CPU.ActiveCfg = Release|Any CPU
		{B7135F35-5DC3-46B2-848A-BB6051DB8A19}.Release|Any CPU.Build.0 = Release|Any CPU
		{6041E95C-94CE-4ED5-A8B3-417A360B4770}.Debug|Any CPU.ActiveCfg = Debug|Any CPU
		{6041E95C-94CE-4ED5-A8B3-417A360B4770}.Debug|Any CPU.Build.0 = Debug|Any CPU
		{6041E95C-94CE-4ED5-A8B3-417A360B4770}.Release|Any CPU.ActiveCfg = Release|Any CPU
		{6041E95C-94CE-4ED5-A8B3-417A360B4770}.Release|Any CPU.Build.0 = Release|Any CPU
		{F7A63B66-C0F2-4717-AC0C-B93A4C9C5C62}.Debug|Any CPU.ActiveCfg = Debug|Any CPU
		{F7A63B66-C0F2-4717-AC0C-B93A4C9C5C62}.Debug|Any CPU.Build.0 = Debug|Any CPU
		{F7A63B66-C0F2-4717-AC0C-B93A4C9C5C62}.Release|Any CPU.ActiveCfg = Release|Any CPU
		{F7A63B66-C0F2-4717-AC0C-B93A4C9C5C62}.Release|Any CPU.Build.0 = Release|Any CPU
		{EBC19245-2F3D-40A1-814D-73BBD727DE13}.Debug|Any CPU.ActiveCfg = Debug|Any CPU
		{EBC19245-2F3D-40A1-814D-73BBD727DE13}.Debug|Any CPU.Build.0 = Debug|Any CPU
		{EBC19245-2F3D-40A1-814D-73BBD727DE13}.Release|Any CPU.ActiveCfg = Release|Any CPU
		{EBC19245-2F3D-40A1-814D-73BBD727DE13}.Release|Any CPU.Build.0 = Release|Any CPU
		{69B84527-50ED-41B3-8C1D-2CE70F6754BB}.Debug|Any CPU.ActiveCfg = Debug|Any CPU
		{69B84527-50ED-41B3-8C1D-2CE70F6754BB}.Debug|Any CPU.Build.0 = Debug|Any CPU
		{69B84527-50ED-41B3-8C1D-2CE70F6754BB}.Release|Any CPU.ActiveCfg = Release|Any CPU
		{69B84527-50ED-41B3-8C1D-2CE70F6754BB}.Release|Any CPU.Build.0 = Release|Any CPU
		{2E0932FF-200E-425E-B4BF-4B25D8263BA7}.Debug|Any CPU.ActiveCfg = Debug|Any CPU
		{2E0932FF-200E-425E-B4BF-4B25D8263BA7}.Debug|Any CPU.Build.0 = Debug|Any CPU
		{2E0932FF-200E-425E-B4BF-4B25D8263BA7}.Release|Any CPU.ActiveCfg = Release|Any CPU
		{2E0932FF-200E-425E-B4BF-4B25D8263BA7}.Release|Any CPU.Build.0 = Release|Any CPU
	EndGlobalSection
	GlobalSection(SolutionProperties) = preSolution
		HideSolutionNode = FALSE
	EndGlobalSection
	GlobalSection(ExtensibilityGlobals) = postSolution
		SolutionGuid = {14B24CEA-1EE9-4F45-96E3-406219D9E24A}
	EndGlobalSection
EndGlobal
